Microsoft Visual Studio Solution File, Format Version 12.00
# Visual Studio 2012
Project("{FAE04EC0-301F-11D3-BF4B-00C04F79EFBC}") = "Sussy-gunner", "Sussy-gunner.csproj", "{56D76D10-4708-4167-9D4B-6D3F315E11DC}"
EndProject
Global
	GlobalSection(SolutionConfigurationPlatforms) = preSolution
	Debug|Any CPU = Debug|Any CPU
	ExportDebug|Any CPU = ExportDebug|Any CPU
	ExportRelease|Any CPU = ExportRelease|Any CPU
	EndGlobalSection
	GlobalSection(ProjectConfigurationPlatforms) = postSolution
		{56D76D10-4708-4167-9D4B-6D3F315E11DC}.Debug|Any CPU.ActiveCfg = Debug|Any CPU
		{56D76D10-4708-4167-9D4B-6D3F315E11DC}.Debug|Any CPU.Build.0 = Debug|Any CPU
		{56D76D10-4708-4167-9D4B-6D3F315E11DC}.ExportDebug|Any CPU.ActiveCfg = ExportDebug|Any CPU
		{56D76D10-4708-4167-9D4B-6D3F315E11DC}.ExportDebug|Any CPU.Build.0 = ExportDebug|Any CPU
		{56D76D10-4708-4167-9D4B-6D3F315E11DC}.ExportRelease|Any CPU.ActiveCfg = ExportRelease|Any CPU
		{56D76D10-4708-4167-9D4B-6D3F315E11DC}.ExportRelease|Any CPU.Build.0 = ExportRelease|Any CPU
	EndGlobalSection
EndGlobal
